<?xml version="1.0" encoding="utf-8"?>
<Project ToolsVersion="4.0" xmlns="http://schemas.microsoft.com/developer/msbuild/2003">
  <ItemGroup>
    <Filter Include="Source Files">
      <UniqueIdentifier>{4FC737F1-C7A5-4376-A066-2A32D752A2FF}</UniqueIdentifier>
      <Extensions>cpp;c;cc;cxx;def;odl;idl;hpj;bat;asm;asmx</Extensions>
    </Filter>
    <Filter Include="Resources">
      <UniqueIdentifier>{67DA6AB6-F800-4c08-8B7A-83BB121AAD01}</UniqueIdentifier>
      <Extensions>rc;ico;cur;bmp;dlg;rc2;rct;bin;rgs;gif;jpg;jpeg;jpe;resx;tiff;tif;png;wav;mfcribbon-ms</Extensions>
    </Filter>
    <Filter Include="Source Files\Source">
      <UniqueIdentifier>{66366b6e-70e9-4e97-a2fe-084d9273434a}</UniqueIdentifier>
    </Filter>
    <Filter Include="Infrastructure">
      <UniqueIdentifier>{06f61bbe-745c-4b21-8a2f-98eadb8707cb}</UniqueIdentifier>
    </Filter>
    <Filter Include="Exceptions">
      <UniqueIdentifier>{cfc8b206-f077-4986-a9c9-0690a85afc6b}</UniqueIdentifier>
    </Filter>
    <Filter Include="Precompiled headers">
      <UniqueIdentifier>{78ffab35-b31b-4904-b900-51375fd00d63}</UniqueIdentifier>
    </Filter>
    <Filter Include="Infrastructure\Exception Handler">
      <UniqueIdentifier>{db4ed758-17c9-447d-b465-2b83c81c81bf}</UniqueIdentifier>
    </Filter>
    <Filter Include="Infrastructure\Logger">
      <UniqueIdentifier>{65c4727c-5243-43da-a9f6-bc9f7160082d}</UniqueIdentifier>
    </Filter>
    <Filter Include="Providers">
      <UniqueIdentifier>{875ba8e4-b3cd-460e-9c46-bb4887e999d4}</UniqueIdentifier>
    </Filter>
    <Filter Include="Providers\Builders">
      <UniqueIdentifier>{36d32198-0d84-407e-a3b8-d8f3d2e04d34}</UniqueIdentifier>
    </Filter>
    <Filter Include="States">
      <UniqueIdentifier>{e633e797-607b-48a0-916f-bdd63b9b19ef}</UniqueIdentifier>
    </Filter>
    <Filter Include="States\MainMenu">
      <UniqueIdentifier>{d8d8246c-9a96-422c-bc16-40511ae46960}</UniqueIdentifier>
    </Filter>
    <Filter Include="Infrastructure\Buttons">
      <UniqueIdentifier>{ee779fe1-67c3-4bd7-9a3a-15e676cd236a}</UniqueIdentifier>
    </Filter>
  </ItemGroup>
  <ItemGroup>
    <ClCompile Include="Main.Cpp">
      <Filter>Source Files\Source</Filter>
    </ClCompile>
    <ClCompile Include="stdafx.cpp">
      <Filter>Precompiled headers</Filter>
    </ClCompile>
  </ItemGroup>
  <ItemGroup>
    <ClInclude Include="stdafx.h">
      <Filter>Precompiled headers</Filter>
    </ClInclude>
    <ClInclude Include="ConfigPaths.h">
      <Filter>Resources</Filter>
    </ClInclude>
    <ClInclude Include="ExceptionHandler.hpp">
      <Filter>Infrastructure\Exception Handler</Filter>
    </ClInclude>
    <ClInclude Include="IExceptionHandler.hpp">
      <Filter>Infrastructure\Exception Handler</Filter>
    </ClInclude>
    <ClInclude Include="FailedWindowInitializationException.hpp">
      <Filter>Exceptions</Filter>
    </ClInclude>
    <ClInclude Include="FileNotFoundException.hpp">
      <Filter>Exceptions</Filter>
    </ClInclude>
    <ClInclude Include="WrongFileContentException.hpp">
      <Filter>Exceptions</Filter>
    </ClInclude>
    <ClInclude Include="Exception.hpp">
      <Filter>Exceptions</Filter>
    </ClInclude>
    <ClInclude Include="ILogger.hpp">
      <Filter>Infrastructure\Logger</Filter>
    </ClInclude>
    <ClInclude Include="Logger.hpp">
      <Filter>Infrastructure\Logger</Filter>
    </ClInclude>
    <ClInclude Include="SupportedKeysMapBuilder.hpp">
      <Filter>Providers\Builders</Filter>
    </ClInclude>
    <ClInclude Include="RenderWindowBuilder.hpp">
      <Filter>Providers\Builders</Filter>
    </ClInclude>
    <ClInclude Include="ExceptionHandlerBuilder.hpp">
      <Filter>Providers\Builders</Filter>
    </ClInclude>
    <ClInclude Include="Game.hpp">
      <Filter>Source Files\Source</Filter>
    </ClInclude>
    <ClInclude Include="DateTimeProvider.hpp">
      <Filter>Providers</Filter>
    </ClInclude>
    <ClInclude Include="GameContext.hpp">
      <Filter>Source Files\Source</Filter>
    </ClInclude>
    <ClInclude Include="IState.hpp">
      <Filter>States</Filter>
    </ClInclude>
    <ClInclude Include="MainMenuState.hpp">
      <Filter>States\MainMenu</Filter>
    </ClInclude>
    <ClInclude Include="MainMenuContext.hpp">
      <Filter>States\MainMenu</Filter>
    </ClInclude>
    <ClInclude Include="MainMenuKeyBindsBuilder.hpp">
      <Filter>States\MainMenu</Filter>
    </ClInclude>
    <ClInclude Include="MainMenuUpdateParams.hpp">
      <Filter>States\MainMenu</Filter>
    </ClInclude>
    <ClInclude Include="MainMenuStateBuilder.hpp">
      <Filter>States\MainMenu</Filter>
    </ClInclude>
    <ClInclude Include="GameContextShared.hpp">
      <Filter>Source Files\Source</Filter>
    </ClInclude>
    <ClInclude Include="Button.hpp">
      <Filter>Infrastructure\Buttons</Filter>
    </ClInclude>
    <ClInclude Include="IntersectionProvider.hpp">
      <Filter>Infrastructure</Filter>
    </ClInclude>
    <ClInclude Include="MainMenuButtonList.hpp">
      <Filter>States\MainMenu</Filter>
    </ClInclude>
    <ClInclude Include="MainMenuButtonTexts.h">
      <Filter>Resources</Filter>
    </ClInclude>
    <ClInclude Include="ButtonState.hpp">
      <Filter>Infrastructure\Buttons</Filter>
    </ClInclude>
    <ClInclude Include="ButtonParams.hpp">
      <Filter>Infrastructure\Buttons</Filter>
    </ClInclude>
    <ClInclude Include="IOption.hpp">
      <Filter>Infrastructure\Buttons</Filter>
    </ClInclude>
    <ClInclude Include="MainMenuOptions.hpp">
      <Filter>States\MainMenu</Filter>
    </ClInclude>
    <ClInclude Include="TextButton.hpp">
      <Filter>Infrastructure\Buttons</Filter>
    </ClInclude>
    <ClInclude Include="TextButtonParams.hpp">
      <Filter>Infrastructure\Buttons</Filter>
    </ClInclude>
  </ItemGroup>
</Project>